{
  "version": 4,
  "terraform_version": "1.3.7",
  "serial": 1219,
  "lineage": "ed2a55e2-6b1c-715a-f573-f227cafe1270",
  "outputs": {},
  "resources": [
    {
      "mode": "data",
      "type": "archive_file",
      "name": "bigquery_query_to_table_source",
      "provider": "provider[\"registry.terraform.io/hashicorp/archive\"]",
      "instances": [
        {
          "schema_version": 0,
          "attributes": {
            "excludes": null,
            "id": "5e4639b33f39a691a1e91920243b8456e55c53dd",
            "output_base64sha256": "E8MhJ+70Cx8q8N3LrD+HCnWgFyzpMcMiZdmlutFGCHU=",
            "output_file_mode": null,
            "output_md5": "228b9c049281ff28bee791c47f3f411e",
            "output_path": "./tmp/bigquery_query_to_table_src.zip",
            "output_sha": "5e4639b33f39a691a1e91920243b8456e55c53dd",
            "output_size": 8278,
            "source": [],
            "source_content": null,
            "source_content_filename": null,
            "source_dir": "../bigquery_query_to_table_src",
            "source_file": null,
            "type": "zip"
          },
          "sensitive_attributes": []
        }
      ]
    },
    {
      "mode": "data",
      "type": "archive_file",
      "name": "duckdb_query_to_parquet_source",
      "provider": "provider[\"registry.terraform.io/hashicorp/archive\"]",
      "instances": [
        {
          "schema_version": 0,
          "attributes": {
            "excludes": null,
            "id": "ca626dd781f070cce4a578fb76a94a9a0ebd63dc",
            "output_base64sha256": "1vJ9hp1RawTsegRPcpdJ+mU256gBMZNa3JoCQfJQTFw=",
            "output_file_mode": null,
            "output_md5": "6280b6fc23a7263a0142be0ff6c5669a",
            "output_path": "./tmp/duckdb_query_to_parquet_src.zip",
            "output_sha": "ca626dd781f070cce4a578fb76a94a9a0ebd63dc",
            "output_size": 11474,
            "source": [],
            "source_content": null,
            "source_content_filename": null,
            "source_dir": "../duckdb_query_to_parquet_src",
            "source_file": null,
            "type": "zip"
          },
          "sensitive_attributes": []
        }
      ]
    },
    {
      "mode": "data",
      "type": "archive_file",
      "name": "ingestion_src_source",
      "provider": "provider[\"registry.terraform.io/hashicorp/archive\"]",
      "instances": [
        {
          "schema_version": 0,
          "attributes": {
            "excludes": null,
            "id": "a9f66562aa592cf29f8504c90f293136f43c5257",
            "output_base64sha256": "stDDE3OzSm3DZRNGnIPZQWIp9EGfnvvJVb/qimj9bPI=",
            "output_file_mode": null,
            "output_md5": "baf69c3296a26479fbc8499cb7494e85",
            "output_path": "./tmp/ingestion_src.zip",
            "output_sha": "a9f66562aa592cf29f8504c90f293136f43c5257",
            "output_size": 8391,
            "source": [],
            "source_content": null,
            "source_content_filename": null,
            "source_dir": "../ingestion_src",
            "source_file": null,
            "type": "zip"
          },
          "sensitive_attributes": []
        }
      ]
    },
    {
      "mode": "data",
      "type": "archive_file",
      "name": "orchestration_source",
      "provider": "provider[\"registry.terraform.io/hashicorp/archive\"]",
      "instances": [
        {
          "schema_version": 0,
          "attributes": {
            "excludes": null,
            "id": "54af55af6adffb5347fde0aaa3c94b0ed778835c",
            "output_base64sha256": "V7OABhTFxnogyL5xelSj9G6Q69l1VmRfHLIuhuIOUxE=",
            "output_file_mode": null,
            "output_md5": "2217e084135448223b09fdd798458e33",
            "output_path": "./tmp/orchestration_function.zip",
            "output_sha": "54af55af6adffb5347fde0aaa3c94b0ed778835c",
            "output_size": 36104,
            "source": [],
            "source_content": null,
            "source_content_filename": null,
            "source_dir": "../orchestration_src",
            "source_file": null,
            "type": "zip"
          },
          "sensitive_attributes": []
        }
      ]
    },
    {
      "mode": "managed",
      "type": "google_bigquery_dataset",
      "name": "bronze_dataset",
      "provider": "provider[\"registry.terraform.io/hashicorp/google\"]",
      "instances": [
        {
          "schema_version": 0,
          "attributes": {
            "access": [
              {
                "dataset": [],
                "domain": "",
                "group_by_email": "",
                "role": "OWNER",
                "routine": [],
                "special_group": "",
                "user_by_email": "ingestion-service-account@forecasting-test-382708.iam.gserviceaccount.com",
                "view": []
              }
            ],
            "creation_time": 1683107956835,
            "dataset_id": "internal_forecast_bronze",
            "default_collation": "",
            "default_encryption_configuration": [],
            "default_partition_expiration_ms": 0,
            "default_table_expiration_ms": 0,
            "delete_contents_on_destroy": true,
            "description": "Dataset to store internal forecast bronze tables",
            "etag": "Tc8Jo5vv+OVfJgU6R2Bo/w==",
            "friendly_name": "internal_forecast",
            "id": "projects/forecasting-test-382708/datasets/internal_forecast_bronze",
            "is_case_insensitive": false,
            "labels": {},
            "last_modified_time": 1683107956835,
            "location": "europe-west2",
            "max_time_travel_hours": "",
            "project": "forecasting-test-382708",
            "self_link": "https://bigquery.googleapis.com/bigquery/v2/projects/forecasting-test-382708/datasets/internal_forecast_bronze",
            "timeouts": null
          },
          "sensitive_attributes": [],
          "private": "eyJlMmJmYjczMC1lY2FhLTExZTYtOGY4OC0zNDM2M2JjN2M0YzAiOnsiY3JlYXRlIjoxMjAwMDAwMDAwMDAwLCJkZWxldGUiOjEyMDAwMDAwMDAwMDAsInVwZGF0ZSI6MTIwMDAwMDAwMDAwMH19",
          "dependencies": [
            "google_service_account.solution_sa"
          ]
        }
      ]
    },
    {
      "mode": "managed",
      "type": "google_bigquery_dataset",
      "name": "gold_dataset",
      "provider": "provider[\"registry.terraform.io/hashicorp/google\"]",
      "instances": [
        {
          "schema_version": 0,
          "attributes": {
            "access": [
              {
                "dataset": [],
                "domain": "",
                "group_by_email": "",
                "role": "OWNER",
                "routine": [],
                "special_group": "",
                "user_by_email": "ingestion-service-account@forecasting-test-382708.iam.gserviceaccount.com",
                "view": []
              }
            ],
            "creation_time": 1683107956836,
            "dataset_id": "internal_forecast_gold",
            "default_collation": "",
            "default_encryption_configuration": [],
            "default_partition_expiration_ms": 0,
            "default_table_expiration_ms": 0,
            "delete_contents_on_destroy": true,
            "description": "Dataset to store internal forecast gold tables",
            "etag": "wV3vVuJhbQ3P1TH9BAcfjw==",
            "friendly_name": "internal_forecast",
            "id": "projects/forecasting-test-382708/datasets/internal_forecast_gold",
            "is_case_insensitive": false,
            "labels": {},
            "last_modified_time": 1683107956836,
            "location": "europe-west2",
            "max_time_travel_hours": "",
            "project": "forecasting-test-382708",
            "self_link": "https://bigquery.googleapis.com/bigquery/v2/projects/forecasting-test-382708/datasets/internal_forecast_gold",
            "timeouts": null
          },
          "sensitive_attributes": [],
          "private": "eyJlMmJmYjczMC1lY2FhLTExZTYtOGY4OC0zNDM2M2JjN2M0YzAiOnsiY3JlYXRlIjoxMjAwMDAwMDAwMDAwLCJkZWxldGUiOjEyMDAwMDAwMDAwMDAsInVwZGF0ZSI6MTIwMDAwMDAwMDAwMH19",
          "dependencies": [
            "google_service_account.solution_sa"
          ]
        }
      ]
    },
    {
      "mode": "managed",
      "type": "google_bigquery_dataset",
      "name": "silver_dataset",
      "provider": "provider[\"registry.terraform.io/hashicorp/google\"]",
      "instances": [
        {
          "schema_version": 0,
          "attributes": {
            "access": [
              {
                "dataset": [],
                "domain": "",
                "group_by_email": "",
                "role": "OWNER",
                "routine": [],
                "special_group": "",
                "user_by_email": "ingestion-service-account@forecasting-test-382708.iam.gserviceaccount.com",
                "view": []
              }
            ],
            "creation_time": 1683107956836,
            "dataset_id": "internal_forecast_silver",
            "default_collation": "",
            "default_encryption_configuration": [],
            "default_partition_expiration_ms": 0,
            "default_table_expiration_ms": 0,
            "delete_contents_on_destroy": true,
            "description": "Dataset to store internal forecast silver tables",
            "etag": "XMt2am5BmERz5zctPlCIyw==",
            "friendly_name": "internal_forecast",
            "id": "projects/forecasting-test-382708/datasets/internal_forecast_silver",
            "is_case_insensitive": false,
            "labels": {},
            "last_modified_time": 1683107956836,
            "location": "europe-west2",
            "max_time_travel_hours": "",
            "project": "forecasting-test-382708",
            "self_link": "https://bigquery.googleapis.com/bigquery/v2/projects/forecasting-test-382708/datasets/internal_forecast_silver",
            "timeouts": null
          },
          "sensitive_attributes": [],
          "private": "eyJlMmJmYjczMC1lY2FhLTExZTYtOGY4OC0zNDM2M2JjN2M0YzAiOnsiY3JlYXRlIjoxMjAwMDAwMDAwMDAwLCJkZWxldGUiOjEyMDAwMDAwMDAwMDAsInVwZGF0ZSI6MTIwMDAwMDAwMDAwMH19",
          "dependencies": [
            "google_service_account.solution_sa"
          ]
        }
      ]
    },
    {
      "mode": "managed",
      "type": "google_cloud_scheduler_job",
      "name": "job",
      "provider": "provider[\"registry.terraform.io/hashicorp/google\"]",
      "instances": [
        {
          "schema_version": 0,
          "attributes": {
            "app_engine_http_target": [],
            "attempt_deadline": "1200s",
            "description": "triggers the cloud function 2nd gen that orchestrates our pipeline",
            "http_target": [
              {
                "body": "eyJuYW1lIjoiYmxhIn0=",
                "headers": {
                  "Content-Type": "application/json"
                },
                "http_method": "POST",
                "oauth_token": [],
                "oidc_token": [
                  {
                    "audience": "https://orchestrate-pipelines-4rcdfz4iwq-nw.a.run.app",
                    "service_account_email": "ingestion-service-account@forecasting-test-382708.iam.gserviceaccount.com"
                  }
                ],
                "uri": "https://orchestrate-pipelines-4rcdfz4iwq-nw.a.run.app/"
              }
            ],
            "id": "projects/forecasting-test-382708/locations/europe-west2/jobs/daily_orchestration_funcion",
            "name": "daily_orchestration_funcion",
            "paused": false,
            "project": "forecasting-test-382708",
            "pubsub_target": [],
            "region": "europe-west2",
            "retry_config": [
              {
                "max_backoff_duration": "3600s",
                "max_doublings": 5,
                "max_retry_duration": "0s",
                "min_backoff_duration": "5s",
                "retry_count": 0
              }
            ],
            "schedule": "10 10 * * *",
            "state": "ENABLED",
            "time_zone": "Europe/London",
            "timeouts": null
          },
          "sensitive_attributes": [],
          "private": "eyJlMmJmYjczMC1lY2FhLTExZTYtOGY4OC0zNDM2M2JjN2M0YzAiOnsiY3JlYXRlIjoxMjAwMDAwMDAwMDAwLCJkZWxldGUiOjEyMDAwMDAwMDAwMDAsInVwZGF0ZSI6MTIwMDAwMDAwMDAwMH19",
          "dependencies": [
            "data.archive_file.duckdb_query_to_parquet_source",
            "data.archive_file.ingestion_src_source",
            "data.archive_file.orchestration_source",
            "google_cloudfunctions2_function.duckdb_query_to_parquet",
            "google_cloudfunctions2_function.function_orchestrate",
            "google_cloudfunctions2_function.ingestion_src",
            "google_service_account.solution_sa",
            "google_storage_bucket.functions_codebase_bucket",
            "google_storage_bucket_object.duckdb_query_to_parquet_zip",
            "google_storage_bucket_object.ingestion_src_zip",
            "google_storage_bucket_object.orchestration_src_zip"
          ]
        }
      ]
    },
    {
      "mode": "managed",
      "type": "google_cloudfunctions2_function",
      "name": "bigquery_query_to_table",
      "provider": "provider[\"registry.terraform.io/hashicorp/google-beta\"]",
      "instances": [
        {
          "schema_version": 0,
          "attributes": {
            "build_config": [
              {
                "build": "projects/310105214006/locations/europe-west2/builds/152ebdc9-b05f-4ae7-87d3-3021f5e02e75",
                "docker_repository": "",
                "entry_point": "cloud_entry_point",
                "environment_variables": {},
                "runtime": "python39",
                "source": [
                  {
                    "repo_source": [],
                    "storage_source": [
                      {
                        "bucket": "internalforecast-functions-codebase",
                        "generation": 0,
                        "object": "src-228b9c049281ff28bee791c47f3f411e.zip"
                      }
                    ]
                  }
                ],
                "worker_pool": ""
              }
            ],
            "description": "",
            "environment": "GEN_2",
            "event_trigger": [],
            "id": "projects/forecasting-test-382708/locations/europe-west2/functions/bigquery_query_to_table",
            "labels": {},
            "location": "europe-west2",
            "name": "bigquery_query_to_table",
            "project": "forecasting-test-382708",
            "service_config": [
              {
                "all_traffic_on_latest_revision": true,
                "available_cpu": "0.1666",
                "available_memory": "256M",
                "environment_variables": {},
                "gcf_uri": "",
                "ingress_settings": "ALLOW_ALL",
                "max_instance_count": 20,
                "max_instance_request_concurrency": 1,
                "min_instance_count": 0,
                "secret_environment_variables": [],
                "secret_volumes": [],
                "service": "projects/forecasting-test-382708/locations/europe-west2/services/bigquery-query-to-table",
                "service_account_email": "ingestion-service-account@forecasting-test-382708.iam.gserviceaccount.com",
                "timeout_seconds": 600,
                "uri": "https://bigquery-query-to-table-4rcdfz4iwq-nw.a.run.app",
                "vpc_connector": "",
                "vpc_connector_egress_settings": ""
              }
            ],
            "state": "ACTIVE",
            "timeouts": null,
            "update_time": "2023-05-10T13:44:03.557548700Z"
          },
          "sensitive_attributes": [],
          "private": "eyJlMmJmYjczMC1lY2FhLTExZTYtOGY4OC0zNDM2M2JjN2M0YzAiOnsiY3JlYXRlIjozNjAwMDAwMDAwMDAwLCJkZWxldGUiOjM2MDAwMDAwMDAwMDAsInVwZGF0ZSI6MzYwMDAwMDAwMDAwMH19",
          "dependencies": [
            "data.archive_file.bigquery_query_to_table_source",
            "google_service_account.solution_sa",
            "google_storage_bucket.functions_codebase_bucket",
            "google_storage_bucket_object.bigquery_query_to_table_zip"
          ]
        }
      ]
    },
    {
      "mode": "managed",
      "type": "google_cloudfunctions2_function",
      "name": "duckdb_query_to_parquet",
      "provider": "provider[\"registry.terraform.io/hashicorp/google-beta\"]",
      "instances": [
        {
          "schema_version": 0,
          "attributes": {
            "build_config": [
              {
                "build": "projects/310105214006/locations/europe-west2/builds/837c1f6b-6d6c-467c-92d0-ad8dd7b2900a",
                "docker_repository": "",
                "entry_point": "cloud_entry_point",
                "environment_variables": {},
                "runtime": "python39",
                "source": [
                  {
                    "repo_source": [],
                    "storage_source": [
                      {
                        "bucket": "internalforecast-functions-codebase",
                        "generation": 0,
                        "object": "src-6280b6fc23a7263a0142be0ff6c5669a.zip"
                      }
                    ]
                  }
                ],
                "worker_pool": ""
              }
            ],
            "description": "",
            "environment": "GEN_2",
            "event_trigger": [],
            "id": "projects/forecasting-test-382708/locations/europe-west2/functions/duckdb_query_to_parquet",
            "labels": {},
            "location": "europe-west2",
            "name": "duckdb_query_to_parquet",
            "project": "forecasting-test-382708",
            "service_config": [
              {
                "all_traffic_on_latest_revision": true,
                "available_cpu": "0.583",
                "available_memory": "1G",
                "environment_variables": {},
                "gcf_uri": "",
                "ingress_settings": "ALLOW_ALL",
                "max_instance_count": 20,
                "max_instance_request_concurrency": 1,
                "min_instance_count": 0,
                "secret_environment_variables": [],
                "secret_volumes": [],
                "service": "projects/forecasting-test-382708/locations/europe-west2/services/duckdb-query-to-parquet",
                "service_account_email": "ingestion-service-account@forecasting-test-382708.iam.gserviceaccount.com",
                "timeout_seconds": 600,
                "uri": "https://duckdb-query-to-parquet-4rcdfz4iwq-nw.a.run.app",
                "vpc_connector": "",
                "vpc_connector_egress_settings": ""
              }
            ],
            "state": "ACTIVE",
            "timeouts": null,
            "update_time": "2023-05-10T13:44:04.390973578Z"
          },
          "sensitive_attributes": [],
          "private": "eyJlMmJmYjczMC1lY2FhLTExZTYtOGY4OC0zNDM2M2JjN2M0YzAiOnsiY3JlYXRlIjozNjAwMDAwMDAwMDAwLCJkZWxldGUiOjM2MDAwMDAwMDAwMDAsInVwZGF0ZSI6MzYwMDAwMDAwMDAwMH19",
          "dependencies": [
            "data.archive_file.duckdb_query_to_parquet_source",
            "google_service_account.solution_sa",
            "google_storage_bucket.functions_codebase_bucket",
            "google_storage_bucket_object.duckdb_query_to_parquet_zip"
          ]
        }
      ]
    },
    {
      "mode": "managed",
      "type": "google_cloudfunctions2_function",
      "name": "function_orchestrate",
      "provider": "provider[\"registry.terraform.io/hashicorp/google-beta\"]",
      "instances": [
        {
          "schema_version": 0,
          "attributes": {
            "build_config": [
              {
                "build": "projects/310105214006/locations/europe-west2/builds/ba48191e-8999-47d7-8075-9dc9f908729c",
                "docker_repository": "",
                "entry_point": "cloud_entry_point",
                "environment_variables": {},
                "runtime": "python310",
                "source": [
                  {
                    "repo_source": [],
                    "storage_source": [
                      {
                        "bucket": "internalforecast-functions-codebase",
                        "generation": 0,
                        "object": "src-2217e084135448223b09fdd798458e33.zip"
                      }
                    ]
                  }
                ],
                "worker_pool": ""
              }
            ],
            "description": "",
            "environment": "GEN_2",
            "event_trigger": [],
            "id": "projects/forecasting-test-382708/locations/europe-west2/functions/orchestrate_pipelines",
            "labels": {},
            "location": "europe-west2",
            "name": "orchestrate_pipelines",
            "project": "forecasting-test-382708",
            "service_config": [
              {
                "all_traffic_on_latest_revision": true,
                "available_cpu": "1",
                "available_memory": "2G",
                "environment_variables": {
                  "DUCKDB_QUERY_TO_PARQUET_FUNCTION_URL": "https://duckdb-query-to-parquet-4rcdfz4iwq-nw.a.run.app",
                  "INGESTION_FUNCTION_URL": "https://salesforce-ingestion-4rcdfz4iwq-nw.a.run.app"
                },
                "gcf_uri": "",
                "ingress_settings": "ALLOW_ALL",
                "max_instance_count": 1,
                "max_instance_request_concurrency": 1,
                "min_instance_count": 0,
                "secret_environment_variables": [],
                "secret_volumes": [],
                "service": "projects/forecasting-test-382708/locations/europe-west2/services/orchestrate-pipelines",
                "service_account_email": "ingestion-service-account@forecasting-test-382708.iam.gserviceaccount.com",
                "timeout_seconds": 600,
                "uri": "https://orchestrate-pipelines-4rcdfz4iwq-nw.a.run.app",
                "vpc_connector": "",
                "vpc_connector_egress_settings": ""
              }
            ],
            "state": "ACTIVE",
            "timeouts": null,
            "update_time": "2023-05-10T13:46:13.942042034Z"
          },
          "sensitive_attributes": [],
          "private": "eyJlMmJmYjczMC1lY2FhLTExZTYtOGY4OC0zNDM2M2JjN2M0YzAiOnsiY3JlYXRlIjozNjAwMDAwMDAwMDAwLCJkZWxldGUiOjM2MDAwMDAwMDAwMDAsInVwZGF0ZSI6MzYwMDAwMDAwMDAwMH19",
          "dependencies": [
            "data.archive_file.duckdb_query_to_parquet_source",
            "data.archive_file.ingestion_src_source",
            "data.archive_file.orchestration_source",
            "google_cloudfunctions2_function.duckdb_query_to_parquet",
            "google_cloudfunctions2_function.ingestion_src",
            "google_service_account.solution_sa",
            "google_storage_bucket.functions_codebase_bucket",
            "google_storage_bucket_object.duckdb_query_to_parquet_zip",
            "google_storage_bucket_object.ingestion_src_zip",
            "google_storage_bucket_object.orchestration_src_zip"
          ]
        }
      ]
    },
    {
      "mode": "managed",
      "type": "google_cloudfunctions2_function",
      "name": "ingestion_src",
      "provider": "provider[\"registry.terraform.io/hashicorp/google-beta\"]",
      "instances": [
        {
          "schema_version": 0,
          "attributes": {
            "build_config": [
              {
                "build": "projects/310105214006/locations/europe-west2/builds/530cbf4e-a041-4cca-9e46-ccc45021a4e3",
                "docker_repository": "",
                "entry_point": "cloud_entry_point",
                "environment_variables": {},
                "runtime": "python39",
                "source": [
                  {
                    "repo_source": [],
                    "storage_source": [
                      {
                        "bucket": "internalforecast-functions-codebase",
                        "generation": 0,
                        "object": "src-baf69c3296a26479fbc8499cb7494e85.zip"
                      }
                    ]
                  }
                ],
                "worker_pool": ""
              }
            ],
            "description": "",
            "environment": "GEN_2",
            "event_trigger": [],
            "id": "projects/forecasting-test-382708/locations/europe-west2/functions/salesforce_ingestion",
            "labels": {},
            "location": "europe-west2",
            "name": "salesforce_ingestion",
            "project": "forecasting-test-382708",
            "service_config": [
              {
                "all_traffic_on_latest_revision": true,
                "available_cpu": "0.583",
                "available_memory": "1G",
                "environment_variables": {},
                "gcf_uri": "",
                "ingress_settings": "ALLOW_ALL",
                "max_instance_count": 20,
                "max_instance_request_concurrency": 1,
                "min_instance_count": 0,
                "secret_environment_variables": [
                  {
                    "key": "SALESFORCE_USERNAME",
                    "project_id": "forecasting-test-382708",
                    "secret": "SALESFORCE_USERNAME",
                    "version": "latest"
                  },
                  {
                    "key": "SALESFORCE_PASSWORD",
                    "project_id": "forecasting-test-382708",
                    "secret": "SALESFORCE_PASSWORD",
                    "version": "latest"
                  },
                  {
                    "key": "SALESFORCE_CLIENT_ID",
                    "project_id": "forecasting-test-382708",
                    "secret": "SALESFORCE_CLIENT_ID",
                    "version": "latest"
                  },
                  {
                    "key": "SALESFORCE_CLIENT_SECRET",
                    "project_id": "forecasting-test-382708",
                    "secret": "SALESFORCE_CLIENT_SECRET",
                    "version": "latest"
                  }
                ],
                "secret_volumes": [],
                "service": "projects/forecasting-test-382708/locations/europe-west2/services/salesforce-ingestion",
                "service_account_email": "ingestion-service-account@forecasting-test-382708.iam.gserviceaccount.com",
                "timeout_seconds": 600,
                "uri": "https://salesforce-ingestion-4rcdfz4iwq-nw.a.run.app",
                "vpc_connector": "",
                "vpc_connector_egress_settings": ""
              }
            ],
            "state": "ACTIVE",
            "timeouts": null,
            "update_time": "2023-05-10T13:44:00.603378482Z"
          },
          "sensitive_attributes": [],
          "private": "eyJlMmJmYjczMC1lY2FhLTExZTYtOGY4OC0zNDM2M2JjN2M0YzAiOnsiY3JlYXRlIjozNjAwMDAwMDAwMDAwLCJkZWxldGUiOjM2MDAwMDAwMDAwMDAsInVwZGF0ZSI6MzYwMDAwMDAwMDAwMH19",
          "dependencies": [
            "data.archive_file.ingestion_src_source",
            "google_service_account.solution_sa",
            "google_storage_bucket.functions_codebase_bucket",
            "google_storage_bucket_object.ingestion_src_zip"
          ]
        }
      ]
    },
    {
      "mode": "managed",
      "type": "google_project_iam_member",
      "name": "sa_bucket_iam",
      "provider": "provider[\"registry.terraform.io/hashicorp/google\"]",
      "instances": [
        {
          "schema_version": 0,
          "attributes": {
            "condition": [],
            "etag": "BwX6yum/3Rs=",
            "id": "forecasting-test-382708/roles/storage.objectAdmin/serviceAccount:ingestion-service-account@forecasting-test-382708.iam.gserviceaccount.com",
            "member": "serviceAccount:ingestion-service-account@forecasting-test-382708.iam.gserviceaccount.com",
            "project": "forecasting-test-382708",
            "role": "roles/storage.objectAdmin"
          },
          "sensitive_attributes": [],
          "private": "bnVsbA==",
          "dependencies": [
            "google_service_account.solution_sa"
          ]
        }
      ]
    },
    {
      "mode": "managed",
      "type": "google_project_iam_member",
      "name": "sa_cloud_function_invoker",
      "provider": "provider[\"registry.terraform.io/hashicorp/google\"]",
      "instances": [
        {
          "schema_version": 0,
          "attributes": {
            "condition": [],
            "etag": "BwX6yum/3Rs=",
            "id": "forecasting-test-382708/roles/cloudfunctions.invoker/serviceAccount:ingestion-service-account@forecasting-test-382708.iam.gserviceaccount.com",
            "member": "serviceAccount:ingestion-service-account@forecasting-test-382708.iam.gserviceaccount.com",
            "project": "forecasting-test-382708",
            "role": "roles/cloudfunctions.invoker"
          },
          "sensitive_attributes": [],
          "private": "bnVsbA==",
          "dependencies": [
            "google_service_account.solution_sa"
          ]
        }
      ]
    },
    {
      "mode": "managed",
      "type": "google_project_iam_member",
      "name": "sa_iam_big_query",
      "provider": "provider[\"registry.terraform.io/hashicorp/google\"]",
      "instances": [
        {
          "schema_version": 0,
          "attributes": {
            "condition": [],
            "etag": "BwX6yum/3Rs=",
            "id": "forecasting-test-382708/roles/bigquery.admin/serviceAccount:ingestion-service-account@forecasting-test-382708.iam.gserviceaccount.com",
            "member": "serviceAccount:ingestion-service-account@forecasting-test-382708.iam.gserviceaccount.com",
            "project": "forecasting-test-382708",
            "role": "roles/bigquery.admin"
          },
          "sensitive_attributes": [],
          "private": "bnVsbA==",
          "dependencies": [
            "google_service_account.solution_sa"
          ]
        }
      ]
    },
    {
      "mode": "managed",
      "type": "google_project_iam_member",
      "name": "sa_run_invoker",
      "provider": "provider[\"registry.terraform.io/hashicorp/google\"]",
      "instances": [
        {
          "schema_version": 0,
          "attributes": {
            "condition": [],
            "etag": "BwX6yum/3Rs=",
            "id": "forecasting-test-382708/roles/run.invoker/serviceAccount:ingestion-service-account@forecasting-test-382708.iam.gserviceaccount.com",
            "member": "serviceAccount:ingestion-service-account@forecasting-test-382708.iam.gserviceaccount.com",
            "project": "forecasting-test-382708",
            "role": "roles/run.invoker"
          },
          "sensitive_attributes": [],
          "private": "bnVsbA==",
          "dependencies": [
            "google_service_account.solution_sa"
          ]
        }
      ]
    },
    {
      "mode": "managed",
      "type": "google_project_iam_member",
      "name": "sa_secrets_iam",
      "provider": "provider[\"registry.terraform.io/hashicorp/google\"]",
      "instances": [
        {
          "schema_version": 0,
          "attributes": {
            "condition": [],
            "etag": "BwX6yum/3Rs=",
            "id": "forecasting-test-382708/roles/secretmanager.secretAccessor/serviceAccount:ingestion-service-account@forecasting-test-382708.iam.gserviceaccount.com",
            "member": "serviceAccount:ingestion-service-account@forecasting-test-382708.iam.gserviceaccount.com",
            "project": "forecasting-test-382708",
            "role": "roles/secretmanager.secretAccessor"
          },
          "sensitive_attributes": [],
          "private": "bnVsbA==",
          "dependencies": [
            "google_service_account.solution_sa"
          ]
        }
      ]
    },
    {
      "mode": "managed",
      "type": "google_service_account",
      "name": "solution_sa",
      "provider": "provider[\"registry.terraform.io/hashicorp/google\"]",
      "instances": [
        {
          "schema_version": 0,
          "attributes": {
            "account_id": "ingestion-service-account",
            "description": "",
            "disabled": false,
            "display_name": "Service Account for the internal forecast solution",
            "email": "ingestion-service-account@forecasting-test-382708.iam.gserviceaccount.com",
            "id": "projects/forecasting-test-382708/serviceAccounts/ingestion-service-account@forecasting-test-382708.iam.gserviceaccount.com",
            "member": "serviceAccount:ingestion-service-account@forecasting-test-382708.iam.gserviceaccount.com",
            "name": "projects/forecasting-test-382708/serviceAccounts/ingestion-service-account@forecasting-test-382708.iam.gserviceaccount.com",
            "project": "forecasting-test-382708",
            "timeouts": null,
            "unique_id": "100193562714730926287"
          },
          "sensitive_attributes": [],
          "private": "eyJlMmJmYjczMC1lY2FhLTExZTYtOGY4OC0zNDM2M2JjN2M0YzAiOnsiY3JlYXRlIjozMDAwMDAwMDAwMDB9fQ=="
        }
      ]
    },
    {
      "mode": "managed",
      "type": "google_storage_bucket",
      "name": "bronze_bucket",
      "provider": "provider[\"registry.terraform.io/hashicorp/google\"]",
      "instances": [
        {
          "schema_version": 0,
          "attributes": {
            "autoclass": [],
            "cors": [],
            "custom_placement_config": [],
            "default_event_based_hold": false,
            "encryption": [],
            "force_destroy": true,
            "id": "internalforecast-data-bronze",
            "labels": {},
            "lifecycle_rule": [],
            "location": "EUROPE-WEST2",
            "logging": [],
            "name": "internalforecast-data-bronze",
            "project": "forecasting-test-382708",
            "public_access_prevention": "inherited",
            "requester_pays": false,
            "retention_policy": [],
            "self_link": "https://www.googleapis.com/storage/v1/b/internalforecast-data-bronze",
            "storage_class": "STANDARD",
            "timeouts": null,
            "uniform_bucket_level_access": false,
            "url": "gs://internalforecast-data-bronze",
            "versioning": [],
            "website": []
          },
          "sensitive_attributes": [],
          "private": "eyJlMmJmYjczMC1lY2FhLTExZTYtOGY4OC0zNDM2M2JjN2M0YzAiOnsiY3JlYXRlIjo2MDAwMDAwMDAwMDAsInJlYWQiOjI0MDAwMDAwMDAwMCwidXBkYXRlIjoyNDAwMDAwMDAwMDB9fQ=="
        }
      ]
    },
    {
      "mode": "managed",
      "type": "google_storage_bucket",
      "name": "functions_codebase_bucket",
      "provider": "provider[\"registry.terraform.io/hashicorp/google\"]",
      "instances": [
        {
          "schema_version": 0,
          "attributes": {
            "autoclass": [],
            "cors": [],
            "custom_placement_config": [],
            "default_event_based_hold": false,
            "encryption": [],
            "force_destroy": true,
            "id": "internalforecast-functions-codebase",
            "labels": {},
            "lifecycle_rule": [],
            "location": "EUROPE-WEST2",
            "logging": [],
            "name": "internalforecast-functions-codebase",
            "project": "forecasting-test-382708",
            "public_access_prevention": "inherited",
            "requester_pays": false,
            "retention_policy": [],
            "self_link": "https://www.googleapis.com/storage/v1/b/internalforecast-functions-codebase",
            "storage_class": "STANDARD",
            "timeouts": null,
            "uniform_bucket_level_access": false,
            "url": "gs://internalforecast-functions-codebase",
            "versioning": [],
            "website": []
          },
          "sensitive_attributes": [],
          "private": "eyJlMmJmYjczMC1lY2FhLTExZTYtOGY4OC0zNDM2M2JjN2M0YzAiOnsiY3JlYXRlIjo2MDAwMDAwMDAwMDAsInJlYWQiOjI0MDAwMDAwMDAwMCwidXBkYXRlIjoyNDAwMDAwMDAwMDB9fQ=="
        }
      ]
    },
    {
      "mode": "managed",
      "type": "google_storage_bucket",
      "name": "gold_bucket",
      "provider": "provider[\"registry.terraform.io/hashicorp/google\"]",
      "instances": [
        {
          "schema_version": 0,
          "attributes": {
            "autoclass": [],
            "cors": [],
            "custom_placement_config": [],
            "default_event_based_hold": false,
            "encryption": [],
            "force_destroy": true,
            "id": "internalforecast-data-gold",
            "labels": {},
            "lifecycle_rule": [],
            "location": "EUROPE-WEST2",
            "logging": [],
            "name": "internalforecast-data-gold",
            "project": "forecasting-test-382708",
            "public_access_prevention": "inherited",
            "requester_pays": false,
            "retention_policy": [],
            "self_link": "https://www.googleapis.com/storage/v1/b/internalforecast-data-gold",
            "storage_class": "STANDARD",
            "timeouts": null,
            "uniform_bucket_level_access": false,
            "url": "gs://internalforecast-data-gold",
            "versioning": [],
            "website": []
          },
          "sensitive_attributes": [],
          "private": "eyJlMmJmYjczMC1lY2FhLTExZTYtOGY4OC0zNDM2M2JjN2M0YzAiOnsiY3JlYXRlIjo2MDAwMDAwMDAwMDAsInJlYWQiOjI0MDAwMDAwMDAwMCwidXBkYXRlIjoyNDAwMDAwMDAwMDB9fQ=="
        }
      ]
    },
    {
      "mode": "managed",
      "type": "google_storage_bucket",
      "name": "prefect_logs_bucket",
      "provider": "provider[\"registry.terraform.io/hashicorp/google\"]",
      "instances": [
        {
          "schema_version": 0,
          "attributes": {
            "autoclass": [],
            "cors": [],
            "custom_placement_config": [],
            "default_event_based_hold": false,
            "encryption": [],
            "force_destroy": true,
            "id": "internalforecast-prefect_logs",
            "labels": {},
            "lifecycle_rule": [],
            "location": "EUROPE-WEST2",
            "logging": [],
            "name": "internalforecast-prefect_logs",
            "project": "forecasting-test-382708",
            "public_access_prevention": "inherited",
            "requester_pays": false,
            "retention_policy": [],
            "self_link": "https://www.googleapis.com/storage/v1/b/internalforecast-prefect_logs",
            "storage_class": "STANDARD",
            "timeouts": null,
            "uniform_bucket_level_access": false,
            "url": "gs://internalforecast-prefect_logs",
            "versioning": [],
            "website": []
          },
          "sensitive_attributes": [],
          "private": "eyJlMmJmYjczMC1lY2FhLTExZTYtOGY4OC0zNDM2M2JjN2M0YzAiOnsiY3JlYXRlIjo2MDAwMDAwMDAwMDAsInJlYWQiOjI0MDAwMDAwMDAwMCwidXBkYXRlIjoyNDAwMDAwMDAwMDB9fQ=="
        }
      ]
    },
    {
      "mode": "managed",
      "type": "google_storage_bucket",
      "name": "raw_bucket",
      "provider": "provider[\"registry.terraform.io/hashicorp/google\"]",
      "instances": [
        {
          "schema_version": 0,
          "attributes": {
            "autoclass": [],
            "cors": [],
            "custom_placement_config": [],
            "default_event_based_hold": false,
            "encryption": [],
            "force_destroy": true,
            "id": "internalforecast-data-raw",
            "labels": {},
            "lifecycle_rule": [],
            "location": "EUROPE-WEST2",
            "logging": [],
            "name": "internalforecast-data-raw",
            "project": "forecasting-test-382708",
            "public_access_prevention": "inherited",
            "requester_pays": false,
            "retention_policy": [],
            "self_link": "https://www.googleapis.com/storage/v1/b/internalforecast-data-raw",
            "storage_class": "STANDARD",
            "timeouts": null,
            "uniform_bucket_level_access": false,
            "url": "gs://internalforecast-data-raw",
            "versioning": [],
            "website": []
          },
          "sensitive_attributes": [],
          "private": "eyJlMmJmYjczMC1lY2FhLTExZTYtOGY4OC0zNDM2M2JjN2M0YzAiOnsiY3JlYXRlIjo2MDAwMDAwMDAwMDAsInJlYWQiOjI0MDAwMDAwMDAwMCwidXBkYXRlIjoyNDAwMDAwMDAwMDB9fQ=="
        }
      ]
    },
    {
      "mode": "managed",
      "type": "google_storage_bucket",
      "name": "silver_bucket",
      "provider": "provider[\"registry.terraform.io/hashicorp/google\"]",
      "instances": [
        {
          "schema_version": 0,
          "attributes": {
            "autoclass": [],
            "cors": [],
            "custom_placement_config": [],
            "default_event_based_hold": false,
            "encryption": [],
            "force_destroy": true,
            "id": "internalforecast-data-silver",
            "labels": {},
            "lifecycle_rule": [],
            "location": "EUROPE-WEST2",
            "logging": [],
            "name": "internalforecast-data-silver",
            "project": "forecasting-test-382708",
            "public_access_prevention": "inherited",
            "requester_pays": false,
            "retention_policy": [],
            "self_link": "https://www.googleapis.com/storage/v1/b/internalforecast-data-silver",
            "storage_class": "STANDARD",
            "timeouts": null,
            "uniform_bucket_level_access": false,
            "url": "gs://internalforecast-data-silver",
            "versioning": [],
            "website": []
          },
          "sensitive_attributes": [],
          "private": "eyJlMmJmYjczMC1lY2FhLTExZTYtOGY4OC0zNDM2M2JjN2M0YzAiOnsiY3JlYXRlIjo2MDAwMDAwMDAwMDAsInJlYWQiOjI0MDAwMDAwMDAwMCwidXBkYXRlIjoyNDAwMDAwMDAwMDB9fQ=="
        }
      ]
    },
    {
      "mode": "managed",
      "type": "google_storage_bucket_object",
      "name": "bigquery_query_to_table_zip",
      "provider": "provider[\"registry.terraform.io/hashicorp/google\"]",
      "instances": [
        {
          "schema_version": 0,
          "attributes": {
            "bucket": "internalforecast-functions-codebase",
            "cache_control": "",
            "content": null,
            "content_disposition": "",
            "content_encoding": "",
            "content_language": "",
            "content_type": "application/zip",
            "crc32c": "2qtG6Q==",
            "customer_encryption": [],
            "detect_md5hash": "IoucBJKB/yi+55HEfz9BHg==",
            "event_based_hold": false,
            "id": "internalforecast-functions-codebase-src-228b9c049281ff28bee791c47f3f411e.zip",
            "kms_key_name": "",
            "md5hash": "IoucBJKB/yi+55HEfz9BHg==",
            "media_link": "https://storage.googleapis.com/download/storage/v1/b/internalforecast-functions-codebase/o/src-228b9c049281ff28bee791c47f3f411e.zip?generation=1683726160141191\u0026alt=media",
            "metadata": null,
            "name": "src-228b9c049281ff28bee791c47f3f411e.zip",
            "output_name": "src-228b9c049281ff28bee791c47f3f411e.zip",
            "self_link": "https://www.googleapis.com/storage/v1/b/internalforecast-functions-codebase/o/src-228b9c049281ff28bee791c47f3f411e.zip",
            "source": "./tmp/bigquery_query_to_table_src.zip",
            "storage_class": "STANDARD",
            "temporary_hold": false,
            "timeouts": null
          },
          "sensitive_attributes": [],
          "private": "eyJlMmJmYjczMC1lY2FhLTExZTYtOGY4OC0zNDM2M2JjN2M0YzAiOnsiY3JlYXRlIjoyNDAwMDAwMDAwMDAsImRlbGV0ZSI6MjQwMDAwMDAwMDAwLCJ1cGRhdGUiOjI0MDAwMDAwMDAwMH19",
          "dependencies": [
            "data.archive_file.bigquery_query_to_table_source",
            "google_storage_bucket.functions_codebase_bucket"
          ]
        }
      ]
    },
    {
      "mode": "managed",
      "type": "google_storage_bucket_object",
      "name": "duckdb_query_to_parquet_zip",
      "provider": "provider[\"registry.terraform.io/hashicorp/google\"]",
      "instances": [
        {
          "schema_version": 0,
          "attributes": {
            "bucket": "internalforecast-functions-codebase",
            "cache_control": "",
            "content": null,
            "content_disposition": "",
            "content_encoding": "",
            "content_language": "",
            "content_type": "application/zip",
            "crc32c": "VhY+4Q==",
            "customer_encryption": [],
            "detect_md5hash": "YoC2/COnJjoBQr4P9sVmmg==",
            "event_based_hold": false,
            "id": "internalforecast-functions-codebase-src-6280b6fc23a7263a0142be0ff6c5669a.zip",
            "kms_key_name": "",
            "md5hash": "YoC2/COnJjoBQr4P9sVmmg==",
            "media_link": "https://storage.googleapis.com/download/storage/v1/b/internalforecast-functions-codebase/o/src-6280b6fc23a7263a0142be0ff6c5669a.zip?generation=1683726160122160\u0026alt=media",
            "metadata": null,
            "name": "src-6280b6fc23a7263a0142be0ff6c5669a.zip",
            "output_name": "src-6280b6fc23a7263a0142be0ff6c5669a.zip",
            "self_link": "https://www.googleapis.com/storage/v1/b/internalforecast-functions-codebase/o/src-6280b6fc23a7263a0142be0ff6c5669a.zip",
            "source": "./tmp/duckdb_query_to_parquet_src.zip",
            "storage_class": "STANDARD",
            "temporary_hold": false,
            "timeouts": null
          },
          "sensitive_attributes": [],
          "private": "eyJlMmJmYjczMC1lY2FhLTExZTYtOGY4OC0zNDM2M2JjN2M0YzAiOnsiY3JlYXRlIjoyNDAwMDAwMDAwMDAsImRlbGV0ZSI6MjQwMDAwMDAwMDAwLCJ1cGRhdGUiOjI0MDAwMDAwMDAwMH19",
          "dependencies": [
            "data.archive_file.duckdb_query_to_parquet_source",
            "google_storage_bucket.functions_codebase_bucket"
          ]
        }
      ]
    },
    {
      "mode": "managed",
      "type": "google_storage_bucket_object",
      "name": "ingestion_src_zip",
      "provider": "provider[\"registry.terraform.io/hashicorp/google\"]",
      "instances": [
        {
          "schema_version": 0,
          "attributes": {
            "bucket": "internalforecast-functions-codebase",
            "cache_control": "",
            "content": null,
            "content_disposition": "",
            "content_encoding": "",
            "content_language": "",
            "content_type": "application/zip",
            "crc32c": "Ile2lw==",
            "customer_encryption": [],
            "detect_md5hash": "uvacMpaiZHn7yEmct0lOhQ==",
            "event_based_hold": false,
            "id": "internalforecast-functions-codebase-src-baf69c3296a26479fbc8499cb7494e85.zip",
            "kms_key_name": "",
            "md5hash": "uvacMpaiZHn7yEmct0lOhQ==",
            "media_link": "https://storage.googleapis.com/download/storage/v1/b/internalforecast-functions-codebase/o/src-baf69c3296a26479fbc8499cb7494e85.zip?generation=1683726160142931\u0026alt=media",
            "metadata": null,
            "name": "src-baf69c3296a26479fbc8499cb7494e85.zip",
            "output_name": "src-baf69c3296a26479fbc8499cb7494e85.zip",
            "self_link": "https://www.googleapis.com/storage/v1/b/internalforecast-functions-codebase/o/src-baf69c3296a26479fbc8499cb7494e85.zip",
            "source": "./tmp/ingestion_src.zip",
            "storage_class": "STANDARD",
            "temporary_hold": false,
            "timeouts": null
          },
          "sensitive_attributes": [],
          "private": "eyJlMmJmYjczMC1lY2FhLTExZTYtOGY4OC0zNDM2M2JjN2M0YzAiOnsiY3JlYXRlIjoyNDAwMDAwMDAwMDAsImRlbGV0ZSI6MjQwMDAwMDAwMDAwLCJ1cGRhdGUiOjI0MDAwMDAwMDAwMH19",
          "dependencies": [
            "data.archive_file.ingestion_src_source",
            "google_storage_bucket.functions_codebase_bucket"
          ]
        }
      ]
    },
    {
      "mode": "managed",
      "type": "google_storage_bucket_object",
      "name": "orchestration_src_zip",
      "provider": "provider[\"registry.terraform.io/hashicorp/google\"]",
      "instances": [
        {
          "schema_version": 0,
          "attributes": {
            "bucket": "internalforecast-functions-codebase",
            "cache_control": "",
            "content": null,
            "content_disposition": "",
            "content_encoding": "",
            "content_language": "",
            "content_type": "application/zip",
            "crc32c": "hn6h0g==",
            "customer_encryption": [],
            "detect_md5hash": "IhfghBNUSCI7Cf3XmEWOMw==",
            "event_based_hold": false,
            "id": "internalforecast-functions-codebase-src-2217e084135448223b09fdd798458e33.zip",
            "kms_key_name": "",
            "md5hash": "IhfghBNUSCI7Cf3XmEWOMw==",
            "media_link": "https://storage.googleapis.com/download/storage/v1/b/internalforecast-functions-codebase/o/src-2217e084135448223b09fdd798458e33.zip?generation=1683726160177665\u0026alt=media",
            "metadata": null,
            "name": "src-2217e084135448223b09fdd798458e33.zip",
            "output_name": "src-2217e084135448223b09fdd798458e33.zip",
            "self_link": "https://www.googleapis.com/storage/v1/b/internalforecast-functions-codebase/o/src-2217e084135448223b09fdd798458e33.zip",
            "source": "./tmp/orchestration_function.zip",
            "storage_class": "STANDARD",
            "temporary_hold": false,
            "timeouts": null
          },
          "sensitive_attributes": [],
          "private": "eyJlMmJmYjczMC1lY2FhLTExZTYtOGY4OC0zNDM2M2JjN2M0YzAiOnsiY3JlYXRlIjoyNDAwMDAwMDAwMDAsImRlbGV0ZSI6MjQwMDAwMDAwMDAwLCJ1cGRhdGUiOjI0MDAwMDAwMDAwMH19",
          "dependencies": [
            "data.archive_file.orchestration_source",
            "google_storage_bucket.functions_codebase_bucket"
          ]
        }
      ]
    }
  ],
  "check_results": null
}
